
Microsoft Visual Studio Solution File, Format Version 12.00
# Visual Studio Version 16
VisualStudioVersion = 16.0.30621.155
MinimumVisualStudioVersion = 10.0.40219.1
Project("{FAE04EC0-301F-11D3-BF4B-00C04F79EFBC}") = "AdvancedMarsRover", "AdvancedMarsRover\AdvancedMarsRover.csproj", "{9141235D-D26A-46E4-BE55-D8CD9C14A22B}"
EndProject
Global
	GlobalSection(SolutionConfigurationPlatforms) = preSolution
		Debug|Any CPU = Debug|Any CPU
		Release|Any CPU = Release|Any CPU
	EndGlobalSection
	GlobalSection(ProjectConfigurationPlatforms) = postSolution
		{9141235D-D26A-46E4-BE55-D8CD9C14A22B}.Debug|Any CPU.ActiveCfg = Debug|Any CPU
		{9141235D-D26A-46E4-BE55-D8CD9C14A22B}.Debug|Any CPU.Build.0 = Debug|Any CPU
		{9141235D-D26A-46E4-BE55-D8CD9C14A22B}.Release|Any CPU.ActiveCfg = Release|Any CPU
		{9141235D-D26A-46E4-BE55-D8CD9C14A22B}.Release|Any CPU.Build.0 = Release|Any CPU
	EndGlobalSection
	GlobalSection(SolutionProperties) = preSolution
		HideSolutionNode = FALSE
	EndGlobalSection
	GlobalSection(ExtensibilityGlobals) = postSolution
		SolutionGuid = {BFBA4C52-7E2C-4035-B6AD-C3ED84400D80}
	EndGlobalSection
EndGlobal
